
Microsoft Visual Studio Solution File, Format Version 12.00
# Visual Studio Version 17
VisualStudioVersion = 17.0.32126.317
MinimumVisualStudioVersion = 10.0.40219.1
Project("{FAE04EC0-301F-11D3-BF4B-00C04F79EFBC}") = "HW4", "HW4\HW4.csproj", "{FF6EAFB5-83E7-46C8-8536-9AEF9529FC99}"
EndProject
Global
	GlobalSection(SolutionConfigurationPlatforms) = preSolution
		Debug|Any CPU = Debug|Any CPU
		Release|Any CPU = Release|Any CPU
	EndGlobalSection
	GlobalSection(ProjectConfigurationPlatforms) = postSolution
		{FF6EAFB5-83E7-46C8-8536-9AEF9529FC99}.Debug|Any CPU.ActiveCfg = Debug|Any CPU
		{FF6EAFB5-83E7-46C8-8536-9AEF9529FC99}.Debug|Any CPU.Build.0 = Debug|Any CPU
		{FF6EAFB5-83E7-46C8-8536-9AEF9529FC99}.Release|Any CPU.ActiveCfg = Release|Any CPU
		{FF6EAFB5-83E7-46C8-8536-9AEF9529FC99}.Release|Any CPU.Build.0 = Release|Any CPU
	EndGlobalSection
	GlobalSection(SolutionProperties) = preSolution
		HideSolutionNode = FALSE
	EndGlobalSection
	GlobalSection(ExtensibilityGlobals) = postSolution
		SolutionGuid = {63DB6A60-9195-482E-8BB1-75F3559C83E8}
	EndGlobalSection
EndGlobal
